// !$*UTF8*$!
{
	archiveVersion = 1;
	classes = {
	};
	objectVersion = 46;
	objects = {

/* Begin PBXBuildFile section */
		7F053762B8FD4C538FB467FF /* libPods-SDObjectionTests.a in Frameworks */ = {isa = PBXBuildFile; fileRef = FC2779BB685C4CA9A1BF1D4F /* libPods-SDObjectionTests.a */; };
		8D4DF261A14A37EB378C516D /* SomeOtherObject.m in Sources */ = {isa = PBXBuildFile; fileRef = 8D4DFD854849B57AE7BCCD58 /* SomeOtherObject.m */; };
		8D4DF2737977DE86CC1FBB86 /* SomeObject.m in Sources */ = {isa = PBXBuildFile; fileRef = 8D4DFFED442CE33975F566C6 /* SomeObject.m */; };
		8D4DF2851F67E9EA212E2FF1 /* BindProviderToClassModule.m in Sources */ = {isa = PBXBuildFile; fileRef = 8D4DF9CD462AC33C0223CEAF /* BindProviderToClassModule.m */; };
		8D4DF2A2159CAB0B6F193F55 /* SomeDependencyModule.m in Sources */ = {isa = PBXBuildFile; fileRef = 8D4DF8566E7F155C934A8910 /* SomeDependencyModule.m */; };
		8D4DF2C592CC1909E73591EE /* BindClassToClassModule.m in Sources */ = {isa = PBXBuildFile; fileRef = 8D4DF0F22BC564C131029327 /* BindClassToClassModule.m */; };
		8D4DF2FA1C1B0C01D36FEB05 /* RegisterEagerSingletonModule.m in Sources */ = {isa = PBXBuildFile; fileRef = 8D4DF265C5F7AF860D4249CC /* RegisterEagerSingletonModule.m */; };
		8D4DF4BF2D090076644BC713 /* StartModule.m in Sources */ = {isa = PBXBuildFile; fileRef = 8D4DFE84C099159DA7C4B0D0 /* StartModule.m */; };
		8D4DF568E4C4C837BC202A7E /* BindBlockToClassModule.m in Sources */ = {isa = PBXBuildFile; fileRef = 8D4DFC2680ECB2E1F612971E /* BindBlockToClassModule.m */; };
		8D4DF57318702F9AC51F82FF /* BindInstanceToClassModule.m in Sources */ = {isa = PBXBuildFile; fileRef = 8D4DF0F7FC6CF0B7EE72516D /* BindInstanceToClassModule.m */; };
		8D4DF5A6FC3FE0AEF1E3A674 /* SomeDependency.m in Sources */ = {isa = PBXBuildFile; fileRef = 8D4DF81B326A2B016F5E8701 /* SomeDependency.m */; };
		8D4DF63AB900333A2F1D0B41 /* SomeOtherDependency.m in Sources */ = {isa = PBXBuildFile; fileRef = 8D4DFC80A62CD6B7D607279F /* SomeOtherDependency.m */; };
		8D4DF6C27E8F6DEE000C6B44 /* SomeProvider.m in Sources */ = {isa = PBXBuildFile; fileRef = 8D4DF36BA07725FA13D19DD4 /* SomeProvider.m */; };
		8D4DF88672E0ED031BE3CC15 /* BindProviderToProtocolModule.m in Sources */ = {isa = PBXBuildFile; fileRef = 8D4DFDAD742036552D957BC3 /* BindProviderToProtocolModule.m */; };
		8D4DF92C9D98DE46A93CD89F /* SDObjectionSpec.m in Sources */ = {isa = PBXBuildFile; fileRef = 8D4DFA87DCE27B35592BBCAC /* SDObjectionSpec.m */; };
		8D4DF9FA3B0DDADDFC415EE4 /* BindClassToProtocolModule.m in Sources */ = {isa = PBXBuildFile; fileRef = 8D4DF563E526E3B443E8A41F /* BindClassToProtocolModule.m */; };
		8D4DFBA73C6A667FC8220698 /* SomeSingleton.m in Sources */ = {isa = PBXBuildFile; fileRef = 8D4DFBDA852002CFF2F6FA01 /* SomeSingleton.m */; };
		8D4DFBBBDACC445B500D09AD /* BindInstanceToProtocolModule.m in Sources */ = {isa = PBXBuildFile; fileRef = 8D4DF0B5B41321001E3D3D97 /* BindInstanceToProtocolModule.m */; };
		8D4DFC9455016BCB053C2F9A /* BindClassToProtocolSingletonModule.m in Sources */ = {isa = PBXBuildFile; fileRef = 8D4DF9D9AC9C8246503A67BD /* BindClassToProtocolSingletonModule.m */; };
		8D4DFE0D8E6CC9CF76A2A7BF /* BindBlockToProtocolModule.m in Sources */ = {isa = PBXBuildFile; fileRef = 8D4DF7A04D83B30AAE930D3F /* BindBlockToProtocolModule.m */; };
		8D4DFEC1E80DDD50EA6EDDC6 /* SomeModule.m in Sources */ = {isa = PBXBuildFile; fileRef = 8D4DF12695AD2B19CBC412EE /* SomeModule.m */; };
		8D4DFFB1779934F2826B17B0 /* RegisterSingletonModule.m in Sources */ = {isa = PBXBuildFile; fileRef = 8D4DF6906036E4EA501D82C1 /* RegisterSingletonModule.m */; };
		CBB07896166679A800160B61 /* UIKit.framework in Frameworks */ = {isa = PBXBuildFile; fileRef = CBB07895166679A800160B61 /* UIKit.framework */; };
		CBB07898166679A800160B61 /* Foundation.framework in Frameworks */ = {isa = PBXBuildFile; fileRef = CBB07897166679A800160B61 /* Foundation.framework */; };
		CBB0789A166679A800160B61 /* CoreGraphics.framework in Frameworks */ = {isa = PBXBuildFile; fileRef = CBB07899166679A800160B61 /* CoreGraphics.framework */; };
		CBB078A0166679A800160B61 /* InfoPlist.strings in Resources */ = {isa = PBXBuildFile; fileRef = CBB0789E166679A800160B61 /* InfoPlist.strings */; };
		CBB078A2166679A800160B61 /* main.m in Sources */ = {isa = PBXBuildFile; fileRef = CBB078A1166679A800160B61 /* main.m */; };
		CBB078A6166679A800160B61 /* AppDelegate.m in Sources */ = {isa = PBXBuildFile; fileRef = CBB078A5166679A800160B61 /* AppDelegate.m */; };
		CBB078A8166679A800160B61 /* Default.png in Resources */ = {isa = PBXBuildFile; fileRef = CBB078A7166679A800160B61 /* Default.png */; };
		CBB078AA166679A800160B61 /* Default@2x.png in Resources */ = {isa = PBXBuildFile; fileRef = CBB078A9166679A800160B61 /* Default@2x.png */; };
		CBB078AC166679A800160B61 /* Default-568h@2x.png in Resources */ = {isa = PBXBuildFile; fileRef = CBB078AB166679A800160B61 /* Default-568h@2x.png */; };
		CBB078B4166679A800160B61 /* SenTestingKit.framework in Frameworks */ = {isa = PBXBuildFile; fileRef = CBB078B3166679A800160B61 /* SenTestingKit.framework */; };
		CBB078B5166679A800160B61 /* UIKit.framework in Frameworks */ = {isa = PBXBuildFile; fileRef = CBB07895166679A800160B61 /* UIKit.framework */; };
		CBB078B6166679A800160B61 /* Foundation.framework in Frameworks */ = {isa = PBXBuildFile; fileRef = CBB07897166679A800160B61 /* Foundation.framework */; };
		CBB078BE166679A800160B61 /* InfoPlist.strings in Resources */ = {isa = PBXBuildFile; fileRef = CBB078BC166679A800160B61 /* InfoPlist.strings */; };
		F532251F0F374E30946E63F3 /* libPods.a in Frameworks */ = {isa = PBXBuildFile; fileRef = 9DE141CD645B4736988C25C9 /* libPods.a */; };
/* End PBXBuildFile section */

/* Begin PBXContainerItemProxy section */
		CBB078B7166679A800160B61 /* PBXContainerItemProxy */ = {
			isa = PBXContainerItemProxy;
			containerPortal = CBB07888166679A800160B61 /* Project object */;
			proxyType = 1;
			remoteGlobalIDString = CBB07890166679A800160B61;
			remoteInfo = SDObjection;
		};
/* End PBXContainerItemProxy section */

/* Begin PBXFileReference section */
		242639A9DF6A4FF7AA81661F /* Pods-SDObjectionTests.xcconfig */ = {isa = PBXFileReference; includeInIndex = 1; lastKnownFileType = text.xcconfig; name = "Pods-SDObjectionTests.xcconfig"; path = "Pods/Pods-SDObjectionTests.xcconfig"; sourceTree = SOURCE_ROOT; };
		2978BE0D077B4D83846CAB68 /* Pods.xcconfig */ = {isa = PBXFileReference; includeInIndex = 1; lastKnownFileType = text.xcconfig; name = Pods.xcconfig; path = Pods/Pods.xcconfig; sourceTree = SOURCE_ROOT; };
		8D4DF031485F2DA09F23DAED /* SomeObjectProtocol.h */ = {isa = PBXFileReference; fileEncoding = 4; lastKnownFileType = sourcecode.c.h; path = SomeObjectProtocol.h; sourceTree = "<group>"; };
		8D4DF0B5B41321001E3D3D97 /* BindInstanceToProtocolModule.m */ = {isa = PBXFileReference; fileEncoding = 4; lastKnownFileType = sourcecode.c.objc; path = BindInstanceToProtocolModule.m; sourceTree = "<group>"; };
		8D4DF0F22BC564C131029327 /* BindClassToClassModule.m */ = {isa = PBXFileReference; fileEncoding = 4; lastKnownFileType = sourcecode.c.objc; path = BindClassToClassModule.m; sourceTree = "<group>"; };
		8D4DF0F7FC6CF0B7EE72516D /* BindInstanceToClassModule.m */ = {isa = PBXFileReference; fileEncoding = 4; lastKnownFileType = sourcecode.c.objc; path = BindInstanceToClassModule.m; sourceTree = "<group>"; };
		8D4DF12695AD2B19CBC412EE /* SomeModule.m */ = {isa = PBXFileReference; fileEncoding = 4; lastKnownFileType = sourcecode.c.objc; path = SomeModule.m; sourceTree = "<group>"; };
		8D4DF265C5F7AF860D4249CC /* RegisterEagerSingletonModule.m */ = {isa = PBXFileReference; fileEncoding = 4; lastKnownFileType = sourcecode.c.objc; path = RegisterEagerSingletonModule.m; sourceTree = "<group>"; };
		8D4DF275A44A45F86796E93C /* BindBlockToProtocolModule.h */ = {isa = PBXFileReference; fileEncoding = 4; lastKnownFileType = sourcecode.c.h; path = BindBlockToProtocolModule.h; sourceTree = "<group>"; };
		8D4DF296145A096CD80613AD /* StartModule.h */ = {isa = PBXFileReference; fileEncoding = 4; lastKnownFileType = sourcecode.c.h; path = StartModule.h; sourceTree = "<group>"; };
		8D4DF2ABE1F463D035E6A7E8 /* BindClassToProtocolSingletonModule.h */ = {isa = PBXFileReference; fileEncoding = 4; lastKnownFileType = sourcecode.c.h; path = BindClassToProtocolSingletonModule.h; sourceTree = "<group>"; };
		8D4DF36BA07725FA13D19DD4 /* SomeProvider.m */ = {isa = PBXFileReference; fileEncoding = 4; lastKnownFileType = sourcecode.c.objc; path = SomeProvider.m; sourceTree = "<group>"; };
		8D4DF3EA518D41AD817E09E6 /* SomeDependencyModule.h */ = {isa = PBXFileReference; fileEncoding = 4; lastKnownFileType = sourcecode.c.h; path = SomeDependencyModule.h; sourceTree = "<group>"; };
		8D4DF42B8ADD11D7FE94D5E3 /* SomeSingleton.h */ = {isa = PBXFileReference; fileEncoding = 4; lastKnownFileType = sourcecode.c.h; path = SomeSingleton.h; sourceTree = "<group>"; };
		8D4DF46F34C9F14AF1B78F1C /* SomeSingletonProtocol.h */ = {isa = PBXFileReference; fileEncoding = 4; lastKnownFileType = sourcecode.c.h; path = SomeSingletonProtocol.h; sourceTree = "<group>"; };
		8D4DF5050D00DECDA772A8EA /* BindProviderToProtocolModule.h */ = {isa = PBXFileReference; fileEncoding = 4; lastKnownFileType = sourcecode.c.h; path = BindProviderToProtocolModule.h; sourceTree = "<group>"; };
		8D4DF505C0DB12C951A7B1E4 /* SomeObject.h */ = {isa = PBXFileReference; fileEncoding = 4; lastKnownFileType = sourcecode.c.h; path = SomeObject.h; sourceTree = "<group>"; };
		8D4DF55C438ED5ADEC2ED77C /* BindBlockToClassModule.h */ = {isa = PBXFileReference; fileEncoding = 4; lastKnownFileType = sourcecode.c.h; path = BindBlockToClassModule.h; sourceTree = "<group>"; };
		8D4DF563E526E3B443E8A41F /* BindClassToProtocolModule.m */ = {isa = PBXFileReference; fileEncoding = 4; lastKnownFileType = sourcecode.c.objc; path = BindClassToProtocolModule.m; sourceTree = "<group>"; };
		8D4DF58E3AEFC2BB92F723A0 /* BindClassToProtocolModule.h */ = {isa = PBXFileReference; fileEncoding = 4; lastKnownFileType = sourcecode.c.h; path = BindClassToProtocolModule.h; sourceTree = "<group>"; };
		8D4DF59E830FDB1D4C327A60 /* BindInstanceToProtocolModule.h */ = {isa = PBXFileReference; fileEncoding = 4; lastKnownFileType = sourcecode.c.h; path = BindInstanceToProtocolModule.h; sourceTree = "<group>"; };
		8D4DF62E16392612136FA81E /* RegisterEagerSingletonModule.h */ = {isa = PBXFileReference; fileEncoding = 4; lastKnownFileType = sourcecode.c.h; path = RegisterEagerSingletonModule.h; sourceTree = "<group>"; };
		8D4DF6906036E4EA501D82C1 /* RegisterSingletonModule.m */ = {isa = PBXFileReference; fileEncoding = 4; lastKnownFileType = sourcecode.c.objc; path = RegisterSingletonModule.m; sourceTree = "<group>"; };
		8D4DF79A613E3EB89534534F /* SomeOtherObject.h */ = {isa = PBXFileReference; fileEncoding = 4; lastKnownFileType = sourcecode.c.h; path = SomeOtherObject.h; sourceTree = "<group>"; };
		8D4DF7A04D83B30AAE930D3F /* BindBlockToProtocolModule.m */ = {isa = PBXFileReference; fileEncoding = 4; lastKnownFileType = sourcecode.c.objc; path = BindBlockToProtocolModule.m; sourceTree = "<group>"; };
		8D4DF7D3396125745B16844B /* BindProviderToClassModule.h */ = {isa = PBXFileReference; fileEncoding = 4; lastKnownFileType = sourcecode.c.h; path = BindProviderToClassModule.h; sourceTree = "<group>"; };
		8D4DF81B326A2B016F5E8701 /* SomeDependency.m */ = {isa = PBXFileReference; fileEncoding = 4; lastKnownFileType = sourcecode.c.objc; path = SomeDependency.m; sourceTree = "<group>"; };
		8D4DF8566E7F155C934A8910 /* SomeDependencyModule.m */ = {isa = PBXFileReference; fileEncoding = 4; lastKnownFileType = sourcecode.c.objc; path = SomeDependencyModule.m; sourceTree = "<group>"; };
		8D4DF9CD462AC33C0223CEAF /* BindProviderToClassModule.m */ = {isa = PBXFileReference; fileEncoding = 4; lastKnownFileType = sourcecode.c.objc; path = BindProviderToClassModule.m; sourceTree = "<group>"; };
		8D4DF9D9AC9C8246503A67BD /* BindClassToProtocolSingletonModule.m */ = {isa = PBXFileReference; fileEncoding = 4; lastKnownFileType = sourcecode.c.objc; path = BindClassToProtocolSingletonModule.m; sourceTree = "<group>"; };
		8D4DFA87DCE27B35592BBCAC /* SDObjectionSpec.m */ = {isa = PBXFileReference; fileEncoding = 4; lastKnownFileType = sourcecode.c.objc; path = SDObjectionSpec.m; sourceTree = "<group>"; };
		8D4DFB22E17A73270CA4A294 /* SomeProvider.h */ = {isa = PBXFileReference; fileEncoding = 4; lastKnownFileType = sourcecode.c.h; path = SomeProvider.h; sourceTree = "<group>"; };
		8D4DFBDA852002CFF2F6FA01 /* SomeSingleton.m */ = {isa = PBXFileReference; fileEncoding = 4; lastKnownFileType = sourcecode.c.objc; path = SomeSingleton.m; sourceTree = "<group>"; };
		8D4DFC2680ECB2E1F612971E /* BindBlockToClassModule.m */ = {isa = PBXFileReference; fileEncoding = 4; lastKnownFileType = sourcecode.c.objc; path = BindBlockToClassModule.m; sourceTree = "<group>"; };
		8D4DFC68721F01E9E165DB81 /* BindInstanceToClassModule.h */ = {isa = PBXFileReference; fileEncoding = 4; lastKnownFileType = sourcecode.c.h; path = BindInstanceToClassModule.h; sourceTree = "<group>"; };
		8D4DFC80A62CD6B7D607279F /* SomeOtherDependency.m */ = {isa = PBXFileReference; fileEncoding = 4; lastKnownFileType = sourcecode.c.objc; path = SomeOtherDependency.m; sourceTree = "<group>"; };
		8D4DFD854849B57AE7BCCD58 /* SomeOtherObject.m */ = {isa = PBXFileReference; fileEncoding = 4; lastKnownFileType = sourcecode.c.objc; path = SomeOtherObject.m; sourceTree = "<group>"; };
		8D4DFDAD742036552D957BC3 /* BindProviderToProtocolModule.m */ = {isa = PBXFileReference; fileEncoding = 4; lastKnownFileType = sourcecode.c.objc; path = BindProviderToProtocolModule.m; sourceTree = "<group>"; };
		8D4DFE84C099159DA7C4B0D0 /* StartModule.m */ = {isa = PBXFileReference; fileEncoding = 4; lastKnownFileType = sourcecode.c.objc; path = StartModule.m; sourceTree = "<group>"; };
		8D4DFED44A130BDD4176D482 /* SomeDependency.h */ = {isa = PBXFileReference; fileEncoding = 4; lastKnownFileType = sourcecode.c.h; path = SomeDependency.h; sourceTree = "<group>"; };
		8D4DFEFC67D79F599B67470C /* RegisterSingletonModule.h */ = {isa = PBXFileReference; fileEncoding = 4; lastKnownFileType = sourcecode.c.h; path = RegisterSingletonModule.h; sourceTree = "<group>"; };
		8D4DFF358019400B93D82804 /* BindClassToClassModule.h */ = {isa = PBXFileReference; fileEncoding = 4; lastKnownFileType = sourcecode.c.h; path = BindClassToClassModule.h; sourceTree = "<group>"; };
		8D4DFF4909746C4E3D3031F6 /* SomeOtherDependency.h */ = {isa = PBXFileReference; fileEncoding = 4; lastKnownFileType = sourcecode.c.h; path = SomeOtherDependency.h; sourceTree = "<group>"; };
		8D4DFFAD82F8F90FBC6002F7 /* SomeModule.h */ = {isa = PBXFileReference; fileEncoding = 4; lastKnownFileType = sourcecode.c.h; path = SomeModule.h; sourceTree = "<group>"; };
		8D4DFFED442CE33975F566C6 /* SomeObject.m */ = {isa = PBXFileReference; fileEncoding = 4; lastKnownFileType = sourcecode.c.objc; path = SomeObject.m; sourceTree = "<group>"; };
		9DE141CD645B4736988C25C9 /* libPods.a */ = {isa = PBXFileReference; explicitFileType = archive.ar; includeInIndex = 0; path = libPods.a; sourceTree = BUILT_PRODUCTS_DIR; };
		CBB07891166679A800160B61 /* SDObjection.app */ = {isa = PBXFileReference; explicitFileType = wrapper.application; includeInIndex = 0; path = SDObjection.app; sourceTree = BUILT_PRODUCTS_DIR; };
		CBB07895166679A800160B61 /* UIKit.framework */ = {isa = PBXFileReference; lastKnownFileType = wrapper.framework; name = UIKit.framework; path = System/Library/Frameworks/UIKit.framework; sourceTree = SDKROOT; };
		CBB07897166679A800160B61 /* Foundation.framework */ = {isa = PBXFileReference; lastKnownFileType = wrapper.framework; name = Foundation.framework; path = System/Library/Frameworks/Foundation.framework; sourceTree = SDKROOT; };
		CBB07899166679A800160B61 /* CoreGraphics.framework */ = {isa = PBXFileReference; lastKnownFileType = wrapper.framework; name = CoreGraphics.framework; path = System/Library/Frameworks/CoreGraphics.framework; sourceTree = SDKROOT; };
		CBB0789D166679A800160B61 /* SDObjection-Info.plist */ = {isa = PBXFileReference; lastKnownFileType = text.plist.xml; path = "SDObjection-Info.plist"; sourceTree = "<group>"; };
		CBB0789F166679A800160B61 /* en */ = {isa = PBXFileReference; lastKnownFileType = text.plist.strings; name = en; path = en.lproj/InfoPlist.strings; sourceTree = "<group>"; };
		CBB078A1166679A800160B61 /* main.m */ = {isa = PBXFileReference; lastKnownFileType = sourcecode.c.objc; path = main.m; sourceTree = "<group>"; };
		CBB078A3166679A800160B61 /* SDObjection-Prefix.pch */ = {isa = PBXFileReference; lastKnownFileType = sourcecode.c.h; path = "SDObjection-Prefix.pch"; sourceTree = "<group>"; };
		CBB078A4166679A800160B61 /* AppDelegate.h */ = {isa = PBXFileReference; lastKnownFileType = sourcecode.c.h; path = AppDelegate.h; sourceTree = "<group>"; };
		CBB078A5166679A800160B61 /* AppDelegate.m */ = {isa = PBXFileReference; lastKnownFileType = sourcecode.c.objc; path = AppDelegate.m; sourceTree = "<group>"; };
		CBB078A7166679A800160B61 /* Default.png */ = {isa = PBXFileReference; lastKnownFileType = image.png; path = Default.png; sourceTree = "<group>"; };
		CBB078A9166679A800160B61 /* Default@2x.png */ = {isa = PBXFileReference; lastKnownFileType = image.png; path = "Default@2x.png"; sourceTree = "<group>"; };
		CBB078AB166679A800160B61 /* Default-568h@2x.png */ = {isa = PBXFileReference; lastKnownFileType = image.png; path = "Default-568h@2x.png"; sourceTree = "<group>"; };
		CBB078B2166679A800160B61 /* SDObjectionTests.octest */ = {isa = PBXFileReference; explicitFileType = wrapper.cfbundle; includeInIndex = 0; path = SDObjectionTests.octest; sourceTree = BUILT_PRODUCTS_DIR; };
		CBB078B3166679A800160B61 /* SenTestingKit.framework */ = {isa = PBXFileReference; lastKnownFileType = wrapper.framework; name = SenTestingKit.framework; path = Library/Frameworks/SenTestingKit.framework; sourceTree = DEVELOPER_DIR; };
		CBB078BB166679A800160B61 /* SDObjectionTests-Info.plist */ = {isa = PBXFileReference; lastKnownFileType = text.plist.xml; path = "SDObjectionTests-Info.plist"; sourceTree = "<group>"; };
		CBB078BD166679A800160B61 /* en */ = {isa = PBXFileReference; lastKnownFileType = text.plist.strings; name = en; path = en.lproj/InfoPlist.strings; sourceTree = "<group>"; };
		FC2779BB685C4CA9A1BF1D4F /* libPods-SDObjectionTests.a */ = {isa = PBXFileReference; explicitFileType = archive.ar; includeInIndex = 0; path = "libPods-SDObjectionTests.a"; sourceTree = BUILT_PRODUCTS_DIR; };
/* End PBXFileReference section */

/* Begin PBXFrameworksBuildPhase section */
		CBB0788E166679A800160B61 /* Frameworks */ = {
			isa = PBXFrameworksBuildPhase;
			buildActionMask = 2147483647;
			files = (
				CBB07896166679A800160B61 /* UIKit.framework in Frameworks */,
				CBB07898166679A800160B61 /* Foundation.framework in Frameworks */,
				CBB0789A166679A800160B61 /* CoreGraphics.framework in Frameworks */,
				F532251F0F374E30946E63F3 /* libPods.a in Frameworks */,
			);
			runOnlyForDeploymentPostprocessing = 0;
		};
		CBB078AE166679A800160B61 /* Frameworks */ = {
			isa = PBXFrameworksBuildPhase;
			buildActionMask = 2147483647;
			files = (
				CBB078B4166679A800160B61 /* SenTestingKit.framework in Frameworks */,
				CBB078B5166679A800160B61 /* UIKit.framework in Frameworks */,
				CBB078B6166679A800160B61 /* Foundation.framework in Frameworks */,
				7F053762B8FD4C538FB467FF /* libPods-SDObjectionTests.a in Frameworks */,
			);
			runOnlyForDeploymentPostprocessing = 0;
		};
/* End PBXFrameworksBuildPhase section */

/* Begin PBXGroup section */
		8D4DF3D3ECAAB7FCDCCBF422 /* Classes */ = {
			isa = PBXGroup;
			children = (
				8D4DFED44A130BDD4176D482 /* SomeDependency.h */,
				8D4DF81B326A2B016F5E8701 /* SomeDependency.m */,
				8D4DF505C0DB12C951A7B1E4 /* SomeObject.h */,
				8D4DFFED442CE33975F566C6 /* SomeObject.m */,
				8D4DF031485F2DA09F23DAED /* SomeObjectProtocol.h */,
				8D4DFF4909746C4E3D3031F6 /* SomeOtherDependency.h */,
				8D4DFC80A62CD6B7D607279F /* SomeOtherDependency.m */,
				8D4DF79A613E3EB89534534F /* SomeOtherObject.h */,
				8D4DFD854849B57AE7BCCD58 /* SomeOtherObject.m */,
				8D4DFB22E17A73270CA4A294 /* SomeProvider.h */,
				8D4DF36BA07725FA13D19DD4 /* SomeProvider.m */,
				8D4DF42B8ADD11D7FE94D5E3 /* SomeSingleton.h */,
				8D4DFBDA852002CFF2F6FA01 /* SomeSingleton.m */,
				8D4DF46F34C9F14AF1B78F1C /* SomeSingletonProtocol.h */,
			);
			path = Classes;
			sourceTree = "<group>";
		};
		8D4DF99C66FDD4025939E4BD /* Modules */ = {
			isa = PBXGroup;
			children = (
				8D4DF55C438ED5ADEC2ED77C /* BindBlockToClassModule.h */,
				8D4DFC2680ECB2E1F612971E /* BindBlockToClassModule.m */,
				8D4DF275A44A45F86796E93C /* BindBlockToProtocolModule.h */,
				8D4DF7A04D83B30AAE930D3F /* BindBlockToProtocolModule.m */,
				8D4DFF358019400B93D82804 /* BindClassToClassModule.h */,
				8D4DF0F22BC564C131029327 /* BindClassToClassModule.m */,
				8D4DF58E3AEFC2BB92F723A0 /* BindClassToProtocolModule.h */,
				8D4DF563E526E3B443E8A41F /* BindClassToProtocolModule.m */,
				8D4DF2ABE1F463D035E6A7E8 /* BindClassToProtocolSingletonModule.h */,
				8D4DF9D9AC9C8246503A67BD /* BindClassToProtocolSingletonModule.m */,
				8D4DFC68721F01E9E165DB81 /* BindInstanceToClassModule.h */,
				8D4DF0F7FC6CF0B7EE72516D /* BindInstanceToClassModule.m */,
				8D4DF59E830FDB1D4C327A60 /* BindInstanceToProtocolModule.h */,
				8D4DF0B5B41321001E3D3D97 /* BindInstanceToProtocolModule.m */,
				8D4DF7D3396125745B16844B /* BindProviderToClassModule.h */,
				8D4DF9CD462AC33C0223CEAF /* BindProviderToClassModule.m */,
				8D4DF5050D00DECDA772A8EA /* BindProviderToProtocolModule.h */,
				8D4DFDAD742036552D957BC3 /* BindProviderToProtocolModule.m */,
				8D4DF62E16392612136FA81E /* RegisterEagerSingletonModule.h */,
				8D4DF265C5F7AF860D4249CC /* RegisterEagerSingletonModule.m */,
				8D4DFEFC67D79F599B67470C /* RegisterSingletonModule.h */,
				8D4DF6906036E4EA501D82C1 /* RegisterSingletonModule.m */,
				8D4DF3EA518D41AD817E09E6 /* SomeDependencyModule.h */,
				8D4DF8566E7F155C934A8910 /* SomeDependencyModule.m */,
				8D4DFFAD82F8F90FBC6002F7 /* SomeModule.h */,
				8D4DF12695AD2B19CBC412EE /* SomeModule.m */,
				8D4DFE84C099159DA7C4B0D0 /* StartModule.m */,
				8D4DF296145A096CD80613AD /* StartModule.h */,
			);
			path = Modules;
			sourceTree = "<group>";
		};
		CBB07886166679A800160B61 = {
			isa = PBXGroup;
			children = (
				CBB0789B166679A800160B61 /* SDObjection */,
				CBB078B9166679A800160B61 /* SDObjectionTests */,
				CBB07894166679A800160B61 /* Frameworks */,
				CBB07892166679A800160B61 /* Products */,
				2978BE0D077B4D83846CAB68 /* Pods.xcconfig */,
				242639A9DF6A4FF7AA81661F /* Pods-SDObjectionTests.xcconfig */,
			);
			sourceTree = "<group>";
		};
		CBB07892166679A800160B61 /* Products */ = {
			isa = PBXGroup;
			children = (
				CBB07891166679A800160B61 /* SDObjection.app */,
				CBB078B2166679A800160B61 /* SDObjectionTests.octest */,
			);
			name = Products;
			sourceTree = "<group>";
		};
		CBB07894166679A800160B61 /* Frameworks */ = {
			isa = PBXGroup;
			children = (
				CBB07895166679A800160B61 /* UIKit.framework */,
				CBB07897166679A800160B61 /* Foundation.framework */,
				CBB07899166679A800160B61 /* CoreGraphics.framework */,
				CBB078B3166679A800160B61 /* SenTestingKit.framework */,
				9DE141CD645B4736988C25C9 /* libPods.a */,
				FC2779BB685C4CA9A1BF1D4F /* libPods-SDObjectionTests.a */,
			);
			name = Frameworks;
			sourceTree = "<group>";
		};
		CBB0789B166679A800160B61 /* SDObjection */ = {
			isa = PBXGroup;
			children = (
				CBB078A4166679A800160B61 /* AppDelegate.h */,
				CBB078A5166679A800160B61 /* AppDelegate.m */,
				CBB0789C166679A800160B61 /* Supporting Files */,
			);
			path = SDObjection;
			sourceTree = "<group>";
		};
		CBB0789C166679A800160B61 /* Supporting Files */ = {
			isa = PBXGroup;
			children = (
				CBB0789D166679A800160B61 /* SDObjection-Info.plist */,
				CBB0789E166679A800160B61 /* InfoPlist.strings */,
				CBB078A1166679A800160B61 /* main.m */,
				CBB078A3166679A800160B61 /* SDObjection-Prefix.pch */,
				CBB078A7166679A800160B61 /* Default.png */,
				CBB078A9166679A800160B61 /* Default@2x.png */,
				CBB078AB166679A800160B61 /* Default-568h@2x.png */,
			);
			name = "Supporting Files";
			sourceTree = "<group>";
		};
		CBB078B9166679A800160B61 /* SDObjectionTests */ = {
			isa = PBXGroup;
			children = (
				CBB078BA166679A800160B61 /* Supporting Files */,
				8D4DFA87DCE27B35592BBCAC /* SDObjectionSpec.m */,
				8D4DF99C66FDD4025939E4BD /* Modules */,
				8D4DF3D3ECAAB7FCDCCBF422 /* Classes */,
			);
			path = SDObjectionTests;
			sourceTree = "<group>";
		};
		CBB078BA166679A800160B61 /* Supporting Files */ = {
			isa = PBXGroup;
			children = (
				CBB078BB166679A800160B61 /* SDObjectionTests-Info.plist */,
				CBB078BC166679A800160B61 /* InfoPlist.strings */,
			);
			name = "Supporting Files";
			sourceTree = "<group>";
		};
/* End PBXGroup section */

/* Begin PBXNativeTarget section */
		CBB07890166679A800160B61 /* SDObjection */ = {
			isa = PBXNativeTarget;
			buildConfigurationList = CBB078C4166679A800160B61 /* Build configuration list for PBXNativeTarget "SDObjection" */;
			buildPhases = (
				CBB0788D166679A800160B61 /* Sources */,
				CBB0788E166679A800160B61 /* Frameworks */,
				CBB0788F166679A800160B61 /* Resources */,
				7B04C1E3CF9343D7B3280BD8 /* Copy Pods Resources */,
			);
			buildRules = (
			);
			dependencies = (
			);
			name = SDObjection;
			productName = SDObjection;
			productReference = CBB07891166679A800160B61 /* SDObjection.app */;
			productType = "com.apple.product-type.application";
		};
		CBB078B1166679A800160B61 /* SDObjectionTests */ = {
			isa = PBXNativeTarget;
			buildConfigurationList = CBB078C7166679A800160B61 /* Build configuration list for PBXNativeTarget "SDObjectionTests" */;
			buildPhases = (
				CBB078AD166679A800160B61 /* Sources */,
				CBB078AE166679A800160B61 /* Frameworks */,
				CBB078AF166679A800160B61 /* Resources */,
				CBB078B0166679A800160B61 /* ShellScript */,
				55BFD99676B34A279D77231B /* Copy Pods Resources */,
			);
			buildRules = (
			);
			dependencies = (
				CBB078B8166679A800160B61 /* PBXTargetDependency */,
			);
			name = SDObjectionTests;
			productName = SDObjectionTests;
			productReference = CBB078B2166679A800160B61 /* SDObjectionTests.octest */;
			productType = "com.apple.product-type.bundle";
		};
/* End PBXNativeTarget section */

/* Begin PBXProject section */
		CBB07888166679A800160B61 /* Project object */ = {
			isa = PBXProject;
			attributes = {
				LastUpgradeCheck = 0450;
				ORGANIZATIONNAME = "Simon Schmid";
			};
			buildConfigurationList = CBB0788B166679A800160B61 /* Build configuration list for PBXProject "SDObjection" */;
			compatibilityVersion = "Xcode 3.2";
			developmentRegion = English;
			hasScannedForEncodings = 0;
			knownRegions = (
				en,
			);
			mainGroup = CBB07886166679A800160B61;
			productRefGroup = CBB07892166679A800160B61 /* Products */;
			projectDirPath = "";
			projectRoot = "";
			targets = (
				CBB07890166679A800160B61 /* SDObjection */,
				CBB078B1166679A800160B61 /* SDObjectionTests */,
			);
		};
/* End PBXProject section */

/* Begin PBXResourcesBuildPhase section */
		CBB0788F166679A800160B61 /* Resources */ = {
			isa = PBXResourcesBuildPhase;
			buildActionMask = 2147483647;
			files = (
				CBB078A0166679A800160B61 /* InfoPlist.strings in Resources */,
				CBB078A8166679A800160B61 /* Default.png in Resources */,
				CBB078AA166679A800160B61 /* Default@2x.png in Resources */,
				CBB078AC166679A800160B61 /* Default-568h@2x.png in Resources */,
			);
			runOnlyForDeploymentPostprocessing = 0;
		};
		CBB078AF166679A800160B61 /* Resources */ = {
			isa = PBXResourcesBuildPhase;
			buildActionMask = 2147483647;
			files = (
				CBB078BE166679A800160B61 /* InfoPlist.strings in Resources */,
			);
			runOnlyForDeploymentPostprocessing = 0;
		};
/* End PBXResourcesBuildPhase section */

/* Begin PBXShellScriptBuildPhase section */
		55BFD99676B34A279D77231B /* Copy Pods Resources */ = {
			isa = PBXShellScriptBuildPhase;
			buildActionMask = 2147483647;
			files = (
			);
			inputPaths = (
			);
			name = "Copy Pods Resources";
			outputPaths = (
			);
			runOnlyForDeploymentPostprocessing = 0;
			shellPath = /bin/sh;
			shellScript = "\"${SRCROOT}/Pods/Pods-SDObjectionTests-resources.sh\"\n";
		};
		7B04C1E3CF9343D7B3280BD8 /* Copy Pods Resources */ = {
			isa = PBXShellScriptBuildPhase;
			buildActionMask = 2147483647;
			files = (
			);
			inputPaths = (
			);
			name = "Copy Pods Resources";
			outputPaths = (
			);
			runOnlyForDeploymentPostprocessing = 0;
			shellPath = /bin/sh;
			shellScript = "\"${SRCROOT}/Pods/Pods-resources.sh\"\n";
		};
		CBB078B0166679A800160B61 /* ShellScript */ = {
			isa = PBXShellScriptBuildPhase;
			buildActionMask = 2147483647;
			files = (
			);
			inputPaths = (
			);
			outputPaths = (
			);
			runOnlyForDeploymentPostprocessing = 0;
			shellPath = /bin/sh;
			shellScript = "# Run the unit tests in this test bundle.\n\"${SYSTEM_DEVELOPER_DIR}/Tools/RunUnitTests\"\n";
		};
/* End PBXShellScriptBuildPhase section */

/* Begin PBXSourcesBuildPhase section */
		CBB0788D166679A800160B61 /* Sources */ = {
			isa = PBXSourcesBuildPhase;
			buildActionMask = 2147483647;
			files = (
				CBB078A2166679A800160B61 /* main.m in Sources */,
				CBB078A6166679A800160B61 /* AppDelegate.m in Sources */,
			);
			runOnlyForDeploymentPostprocessing = 0;
		};
		CBB078AD166679A800160B61 /* Sources */ = {
			isa = PBXSourcesBuildPhase;
			buildActionMask = 2147483647;
			files = (
				8D4DF92C9D98DE46A93CD89F /* SDObjectionSpec.m in Sources */,
				8D4DF568E4C4C837BC202A7E /* BindBlockToClassModule.m in Sources */,
				8D4DFE0D8E6CC9CF76A2A7BF /* BindBlockToProtocolModule.m in Sources */,
				8D4DF2C592CC1909E73591EE /* BindClassToClassModule.m in Sources */,
				8D4DF9FA3B0DDADDFC415EE4 /* BindClassToProtocolModule.m in Sources */,
				8D4DFC9455016BCB053C2F9A /* BindClassToProtocolSingletonModule.m in Sources */,
				8D4DF57318702F9AC51F82FF /* BindInstanceToClassModule.m in Sources */,
				8D4DFBBBDACC445B500D09AD /* BindInstanceToProtocolModule.m in Sources */,
				8D4DF2851F67E9EA212E2FF1 /* BindProviderToClassModule.m in Sources */,
				8D4DF88672E0ED031BE3CC15 /* BindProviderToProtocolModule.m in Sources */,
				8D4DF2FA1C1B0C01D36FEB05 /* RegisterEagerSingletonModule.m in Sources */,
				8D4DFFB1779934F2826B17B0 /* RegisterSingletonModule.m in Sources */,
				8D4DF2A2159CAB0B6F193F55 /* SomeDependencyModule.m in Sources */,
				8D4DF5A6FC3FE0AEF1E3A674 /* SomeDependency.m in Sources */,
				8D4DF2737977DE86CC1FBB86 /* SomeObject.m in Sources */,
				8D4DF63AB900333A2F1D0B41 /* SomeOtherDependency.m in Sources */,
				8D4DF261A14A37EB378C516D /* SomeOtherObject.m in Sources */,
				8D4DF6C27E8F6DEE000C6B44 /* SomeProvider.m in Sources */,
				8D4DFBA73C6A667FC8220698 /* SomeSingleton.m in Sources */,
				8D4DFEC1E80DDD50EA6EDDC6 /* SomeModule.m in Sources */,
				8D4DF4BF2D090076644BC713 /* StartModule.m in Sources */,
			);
			runOnlyForDeploymentPostprocessing = 0;
		};
/* End PBXSourcesBuildPhase section */

/* Begin PBXTargetDependency section */
		CBB078B8166679A800160B61 /* PBXTargetDependency */ = {
			isa = PBXTargetDependency;
			target = CBB07890166679A800160B61 /* SDObjection */;
			targetProxy = CBB078B7166679A800160B61 /* PBXContainerItemProxy */;
		};
/* End PBXTargetDependency section */

/* Begin PBXVariantGroup section */
		CBB0789E166679A800160B61 /* InfoPlist.strings */ = {
			isa = PBXVariantGroup;
			children = (
				CBB0789F166679A800160B61 /* en */,
			);
			name = InfoPlist.strings;
			sourceTree = "<group>";
		};
		CBB078BC166679A800160B61 /* InfoPlist.strings */ = {
			isa = PBXVariantGroup;
			children = (
				CBB078BD166679A800160B61 /* en */,
			);
			name = InfoPlist.strings;
			sourceTree = "<group>";
		};
/* End PBXVariantGroup section */

/* Begin XCBuildConfiguration section */
		CBB078C2166679A800160B61 /* Debug */ = {
			isa = XCBuildConfiguration;
			buildSettings = {
				ALWAYS_SEARCH_USER_PATHS = NO;
				CLANG_CXX_LANGUAGE_STANDARD = "gnu++0x";
				CLANG_CXX_LIBRARY = "libc++";
				CLANG_ENABLE_OBJC_ARC = YES;
				CLANG_WARN_EMPTY_BODY = YES;
				CLANG_WARN__DUPLICATE_METHOD_MATCH = YES;
				"CODE_SIGN_IDENTITY[sdk=iphoneos*]" = "iPhone Developer";
				COPY_PHASE_STRIP = NO;
				GCC_C_LANGUAGE_STANDARD = gnu99;
				GCC_DYNAMIC_NO_PIC = NO;
				GCC_OPTIMIZATION_LEVEL = 0;
				GCC_PREPROCESSOR_DEFINITIONS = (
					"DEBUG=1",
					"$(inherited)",
				);
				GCC_SYMBOLS_PRIVATE_EXTERN = NO;
				GCC_WARN_ABOUT_RETURN_TYPE = YES;
				GCC_WARN_UNINITIALIZED_AUTOS = YES;
				GCC_WARN_UNUSED_VARIABLE = YES;
				IPHONEOS_DEPLOYMENT_TARGET = 6.0;
				ONLY_ACTIVE_ARCH = YES;
				SDKROOT = iphoneos;
				TARGETED_DEVICE_FAMILY = "1,2";
			};
			name = Debug;
		};
		CBB078C3166679A800160B61 /* Release */ = {
			isa = XCBuildConfiguration;
			buildSettings = {
				ALWAYS_SEARCH_USER_PATHS = NO;
				CLANG_CXX_LANGUAGE_STANDARD = "gnu++0x";
				CLANG_CXX_LIBRARY = "libc++";
				CLANG_ENABLE_OBJC_ARC = YES;
				CLANG_WARN_EMPTY_BODY = YES;
				CLANG_WARN__DUPLICATE_METHOD_MATCH = YES;
				"CODE_SIGN_IDENTITY[sdk=iphoneos*]" = "iPhone Developer";
				COPY_PHASE_STRIP = YES;
				GCC_C_LANGUAGE_STANDARD = gnu99;
				GCC_WARN_ABOUT_RETURN_TYPE = YES;
				GCC_WARN_UNINITIALIZED_AUTOS = YES;
				GCC_WARN_UNUSED_VARIABLE = YES;
				IPHONEOS_DEPLOYMENT_TARGET = 6.0;
				OTHER_CFLAGS = "-DNS_BLOCK_ASSERTIONS=1";
				SDKROOT = iphoneos;
				TARGETED_DEVICE_FAMILY = "1,2";
				VALIDATE_PRODUCT = YES;
			};
			name = Release;
		};
		CBB078C5166679A800160B61 /* Debug */ = {
			isa = XCBuildConfiguration;
			baseConfigurationReference = 2978BE0D077B4D83846CAB68 /* Pods.xcconfig */;
			buildSettings = {
				GCC_PRECOMPILE_PREFIX_HEADER = YES;
				GCC_PREFIX_HEADER = "SDObjection/SDObjection-Prefix.pch";
				INFOPLIST_FILE = "SDObjection/SDObjection-Info.plist";
				PRODUCT_NAME = "$(TARGET_NAME)";
				WRAPPER_EXTENSION = app;
			};
			name = Debug;
		};
		CBB078C6166679A800160B61 /* Release */ = {
			isa = XCBuildConfiguration;
			baseConfigurationReference = 2978BE0D077B4D83846CAB68 /* Pods.xcconfig */;
			buildSettings = {
				GCC_PRECOMPILE_PREFIX_HEADER = YES;
				GCC_PREFIX_HEADER = "SDObjection/SDObjection-Prefix.pch";
				INFOPLIST_FILE = "SDObjection/SDObjection-Info.plist";
				PRODUCT_NAME = "$(TARGET_NAME)";
				WRAPPER_EXTENSION = app;
			};
			name = Release;
		};
		CBB078C8166679A800160B61 /* Debug */ = {
			isa = XCBuildConfiguration;
			baseConfigurationReference = 242639A9DF6A4FF7AA81661F /* Pods-SDObjectionTests.xcconfig */;
			buildSettings = {
				BUNDLE_LOADER = "$(BUILT_PRODUCTS_DIR)/SDObjection.app/SDObjection";
				FRAMEWORK_SEARCH_PATHS = (
					"\"$(SDKROOT)/Developer/Library/Frameworks\"",
					"\"$(DEVELOPER_LIBRARY_DIR)/Frameworks\"",
					"\"$(inherited)\"",
				);
				GCC_PRECOMPILE_PREFIX_HEADER = YES;
				GCC_PREFIX_HEADER = "SDObjection/SDObjection-Prefix.pch";
				INFOPLIST_FILE = "SDObjectionTests/SDObjectionTests-Info.plist";
				PRODUCT_NAME = "$(TARGET_NAME)";
				TEST_HOST = "$(BUNDLE_LOADER)";
				WRAPPER_EXTENSION = octest;
			};
			name = Debug;
		};
		CBB078C9166679A800160B61 /* Release */ = {
			isa = XCBuildConfiguration;
			baseConfigurationReference = 242639A9DF6A4FF7AA81661F /* Pods-SDObjectionTests.xcconfig */;
			buildSettings = {
				BUNDLE_LOADER = "$(BUILT_PRODUCTS_DIR)/SDObjection.app/SDObjection";
				FRAMEWORK_SEARCH_PATHS = (
					"\"$(SDKROOT)/Developer/Library/Frameworks\"",
					"\"$(DEVELOPER_LIBRARY_DIR)/Frameworks\"",
					"\"$(inherited)\"",
				);
				GCC_PRECOMPILE_PREFIX_HEADER = YES;
				GCC_PREFIX_HEADER = "SDObjection/SDObjection-Prefix.pch";
				INFOPLIST_FILE = "SDObjectionTests/SDObjectionTests-Info.plist";
				PRODUCT_NAME = "$(TARGET_NAME)";
				TEST_HOST = "$(BUNDLE_LOADER)";
				WRAPPER_EXTENSION = octest;
			};
			name = Release;
		};
/* End XCBuildConfiguration section */

/* Begin XCConfigurationList section */
		CBB0788B166679A800160B61 /* Build configuration list for PBXProject "SDObjection" */ = {
			isa = XCConfigurationList;
			buildConfigurations = (
				CBB078C2166679A800160B61 /* Debug */,
				CBB078C3166679A800160B61 /* Release */,
			);
			defaultConfigurationIsVisible = 0;
			defaultConfigurationName = Release;
		};
		CBB078C4166679A800160B61 /* Build configuration list for PBXNativeTarget "SDObjection" */ = {
			isa = XCConfigurationList;
			buildConfigurations = (
				CBB078C5166679A800160B61 /* Debug */,
				CBB078C6166679A800160B61 /* Release */,
			);
			defaultConfigurationIsVisible = 0;
			defaultConfigurationName = Release;
		};
		CBB078C7166679A800160B61 /* Build configuration list for PBXNativeTarget "SDObjectionTests" */ = {
			isa = XCConfigurationList;
			buildConfigurations = (
				CBB078C8166679A800160B61 /* Debug */,
				CBB078C9166679A800160B61 /* Release */,
			);
			defaultConfigurationIsVisible = 0;
			defaultConfigurationName = Release;
		};
/* End XCConfigurationList section */
	};
	rootObject = CBB07888166679A800160B61 /* Project object */;
}
